
Microsoft Visual Studio Solution File, Format Version 12.00
# Visual Studio 15
VisualStudioVersion = 15.0.27428.2027
MinimumVisualStudioVersion = 10.0.40219.1
Project("{FAE04EC0-301F-11D3-BF4B-00C04F79EFBC}") = "SwiftBiil.Web.UI", "SwiftBiil.Web.UI\SwiftBiil.Web.UI.csproj", "{2BB75D41-EDAA-491C-B277-359346B4D376}"
EndProject
Project("{FAE04EC0-301F-11D3-BF4B-00C04F79EFBC}") = "SwiftBill.Domain", "SwiftBill.Domain\SwiftBill.Domain.csproj", "{BA0B0D51-0B27-40D4-903B-EC62CA9F9A56}"
EndProject
Project("{FAE04EC0-301F-11D3-BF4B-00C04F79EFBC}") = "SwiftBill.DAL", "SwiftBill.DAL\SwiftBill.DAL.csproj", "{62FED683-FAA2-436E-869D-EC550EBE08D9}"
EndProject
Global
	GlobalSection(SolutionConfigurationPlatforms) = preSolution
		Debug|Any CPU = Debug|Any CPU
		Release|Any CPU = Release|Any CPU
	EndGlobalSection
	GlobalSection(ProjectConfigurationPlatforms) = postSolution
		{2BB75D41-EDAA-491C-B277-359346B4D376}.Debug|Any CPU.ActiveCfg = Debug|Any CPU
		{2BB75D41-EDAA-491C-B277-359346B4D376}.Debug|Any CPU.Build.0 = Debug|Any CPU
		{2BB75D41-EDAA-491C-B277-359346B4D376}.Release|Any CPU.ActiveCfg = Release|Any CPU
		{2BB75D41-EDAA-491C-B277-359346B4D376}.Release|Any CPU.Build.0 = Release|Any CPU
		{BA0B0D51-0B27-40D4-903B-EC62CA9F9A56}.Debug|Any CPU.ActiveCfg = Debug|Any CPU
		{BA0B0D51-0B27-40D4-903B-EC62CA9F9A56}.Debug|Any CPU.Build.0 = Debug|Any CPU
		{BA0B0D51-0B27-40D4-903B-EC62CA9F9A56}.Release|Any CPU.ActiveCfg = Release|Any CPU
		{BA0B0D51-0B27-40D4-903B-EC62CA9F9A56}.Release|Any CPU.Build.0 = Release|Any CPU
		{62FED683-FAA2-436E-869D-EC550EBE08D9}.Debug|Any CPU.ActiveCfg = Debug|Any CPU
		{62FED683-FAA2-436E-869D-EC550EBE08D9}.Debug|Any CPU.Build.0 = Debug|Any CPU
		{62FED683-FAA2-436E-869D-EC550EBE08D9}.Release|Any CPU.ActiveCfg = Release|Any CPU
		{62FED683-FAA2-436E-869D-EC550EBE08D9}.Release|Any CPU.Build.0 = Release|Any CPU
	EndGlobalSection
	GlobalSection(SolutionProperties) = preSolution
		HideSolutionNode = FALSE
	EndGlobalSection
	GlobalSection(ExtensibilityGlobals) = postSolution
		SolutionGuid = {A0463E91-3D43-4B95-89EA-31F76233BD92}
	EndGlobalSection
EndGlobal
